
Microsoft Visual Studio Solution File, Format Version 12.00
# Visual Studio 15
Project("{FAE04EC0-301F-11D3-BF4B-00C04F79EFBC}") = "Assembly-CSharp", "Assembly-CSharp.csproj", "{8D357BF1-639B-154B-4688-515D99334587}"
EndProject
Global
	GlobalSection(SolutionConfigurationPlatforms) = preSolution
		Debug|Any CPU = Debug|Any CPU
		Release|Any CPU = Release|Any CPU
	EndGlobalSection
	GlobalSection(ProjectConfigurationPlatforms) = postSolution
		{8D357BF1-639B-154B-4688-515D99334587}.Debug|Any CPU.ActiveCfg = Debug|Any CPU
		{8D357BF1-639B-154B-4688-515D99334587}.Debug|Any CPU.Build.0 = Debug|Any CPU
		{8D357BF1-639B-154B-4688-515D99334587}.Release|Any CPU.ActiveCfg = Release|Any CPU
		{8D357BF1-639B-154B-4688-515D99334587}.Release|Any CPU.Build.0 = Release|Any CPU
	EndGlobalSection
	GlobalSection(SolutionProperties) = preSolution
		HideSolutionNode = FALSE
	EndGlobalSection
EndGlobal
